
Microsoft Visual Studio Solution File, Format Version 12.00
# Visual Studio Version 17
VisualStudioVersion = 17.5.33516.290
MinimumVisualStudioVersion = 10.0.40219.1
Project("{FAE04EC0-301F-11D3-BF4B-00C04F79EFBC}") = "AsyncAwait", "AsyncAwait\AsyncAwait.csproj", "{406D0E99-18E9-4CCF-B402-E8059859914A}"
EndProject
Global
	GlobalSection(SolutionConfigurationPlatforms) = preSolution
		Debug|Any CPU = Debug|Any CPU
		Release|Any CPU = Release|Any CPU
	EndGlobalSection
	GlobalSection(ProjectConfigurationPlatforms) = postSolution
		{406D0E99-18E9-4CCF-B402-E8059859914A}.Debug|Any CPU.ActiveCfg = Debug|Any CPU
		{406D0E99-18E9-4CCF-B402-E8059859914A}.Debug|Any CPU.Build.0 = Debug|Any CPU
		{406D0E99-18E9-4CCF-B402-E8059859914A}.Release|Any CPU.ActiveCfg = Release|Any CPU
		{406D0E99-18E9-4CCF-B402-E8059859914A}.Release|Any CPU.Build.0 = Release|Any CPU
	EndGlobalSection
	GlobalSection(SolutionProperties) = preSolution
		HideSolutionNode = FALSE
	EndGlobalSection
	GlobalSection(ExtensibilityGlobals) = postSolution
		SolutionGuid = {B93B3BA8-F253-4427-A91A-746CCFD24ABA}
	EndGlobalSection
EndGlobal
